// !$*UTF8*$!
{
	archiveVersion = 1;
	classes = {
	};
	objectVersion = 50;
	objects = {

/* Begin PBXBuildFile section */
		C9569EC323F582E00074B266 /* NetworkManager.swift in Sources */ = {isa = PBXBuildFile; fileRef = C9569EC223F582E00074B266 /* NetworkManager.swift */; };
		C9569EC523F583680074B266 /* APIData.swift in Sources */ = {isa = PBXBuildFile; fileRef = C9569EC423F583680074B266 /* APIData.swift */; };
		C9569EC923F584590074B266 /* AppError.swift in Sources */ = {isa = PBXBuildFile; fileRef = C9569EC823F584590074B266 /* AppError.swift */; };
		C969162623F483A1008BFAD1 /* AppDelegate.swift in Sources */ = {isa = PBXBuildFile; fileRef = C969162523F483A1008BFAD1 /* AppDelegate.swift */; };
		C969162823F483A1008BFAD1 /* SceneDelegate.swift in Sources */ = {isa = PBXBuildFile; fileRef = C969162723F483A1008BFAD1 /* SceneDelegate.swift */; };
		C969162A23F483A1008BFAD1 /* ArticlesViewController.swift in Sources */ = {isa = PBXBuildFile; fileRef = C969162923F483A1008BFAD1 /* ArticlesViewController.swift */; };
		C969162D23F483A1008BFAD1 /* Main.storyboard in Resources */ = {isa = PBXBuildFile; fileRef = C969162B23F483A1008BFAD1 /* Main.storyboard */; };
		C969162F23F483A2008BFAD1 /* Assets.xcassets in Resources */ = {isa = PBXBuildFile; fileRef = C969162E23F483A2008BFAD1 /* Assets.xcassets */; };
		C969163223F483A2008BFAD1 /* LaunchScreen.storyboard in Resources */ = {isa = PBXBuildFile; fileRef = C969163023F483A2008BFAD1 /* LaunchScreen.storyboard */; };
		C969164123F49AA0008BFAD1 /* ArticleDetailsViewController.swift in Sources */ = {isa = PBXBuildFile; fileRef = C969164023F49AA0008BFAD1 /* ArticleDetailsViewController.swift */; };
		C969164323F49AD9008BFAD1 /* Constants.swift in Sources */ = {isa = PBXBuildFile; fileRef = C969164223F49AD9008BFAD1 /* Constants.swift */; };
		C969164623F49B9D008BFAD1 /* ArticleCollectionViewCell.swift in Sources */ = {isa = PBXBuildFile; fileRef = C969164523F49B9D008BFAD1 /* ArticleCollectionViewCell.swift */; };
/* End PBXBuildFile section */

/* Begin PBXFileReference section */
		C9569EC223F582E00074B266 /* NetworkManager.swift */ = {isa = PBXFileReference; lastKnownFileType = sourcecode.swift; path = NetworkManager.swift; sourceTree = "<group>"; };
		C9569EC423F583680074B266 /* APIData.swift */ = {isa = PBXFileReference; lastKnownFileType = sourcecode.swift; path = APIData.swift; sourceTree = "<group>"; };
		C9569EC823F584590074B266 /* AppError.swift */ = {isa = PBXFileReference; lastKnownFileType = sourcecode.swift; path = AppError.swift; sourceTree = "<group>"; };
		C969162223F483A1008BFAD1 /* SwiftNews.app */ = {isa = PBXFileReference; explicitFileType = wrapper.application; includeInIndex = 0; path = SwiftNews.app; sourceTree = BUILT_PRODUCTS_DIR; };
		C969162523F483A1008BFAD1 /* AppDelegate.swift */ = {isa = PBXFileReference; lastKnownFileType = sourcecode.swift; path = AppDelegate.swift; sourceTree = "<group>"; };
		C969162723F483A1008BFAD1 /* SceneDelegate.swift */ = {isa = PBXFileReference; lastKnownFileType = sourcecode.swift; path = SceneDelegate.swift; sourceTree = "<group>"; };
		C969162923F483A1008BFAD1 /* ArticlesViewController.swift */ = {isa = PBXFileReference; lastKnownFileType = sourcecode.swift; path = ArticlesViewController.swift; sourceTree = "<group>"; };
		C969162C23F483A1008BFAD1 /* Base */ = {isa = PBXFileReference; lastKnownFileType = file.storyboard; name = Base; path = Base.lproj/Main.storyboard; sourceTree = "<group>"; };
		C969162E23F483A2008BFAD1 /* Assets.xcassets */ = {isa = PBXFileReference; lastKnownFileType = folder.assetcatalog; path = Assets.xcassets; sourceTree = "<group>"; };
		C969163123F483A2008BFAD1 /* Base */ = {isa = PBXFileReference; lastKnownFileType = file.storyboard; name = Base; path = Base.lproj/LaunchScreen.storyboard; sourceTree = "<group>"; };
		C969163323F483A2008BFAD1 /* Info.plist */ = {isa = PBXFileReference; lastKnownFileType = text.plist.xml; path = Info.plist; sourceTree = "<group>"; };
		C969164023F49AA0008BFAD1 /* ArticleDetailsViewController.swift */ = {isa = PBXFileReference; lastKnownFileType = sourcecode.swift; path = ArticleDetailsViewController.swift; sourceTree = "<group>"; };
		C969164223F49AD9008BFAD1 /* Constants.swift */ = {isa = PBXFileReference; lastKnownFileType = sourcecode.swift; path = Constants.swift; sourceTree = "<group>"; };
		C969164523F49B9D008BFAD1 /* ArticleCollectionViewCell.swift */ = {isa = PBXFileReference; lastKnownFileType = sourcecode.swift; path = ArticleCollectionViewCell.swift; sourceTree = "<group>"; };
/* End PBXFileReference section */

/* Begin PBXFrameworksBuildPhase section */
		C969161F23F483A1008BFAD1 /* Frameworks */ = {
			isa = PBXFrameworksBuildPhase;
			buildActionMask = 2147483647;
			files = (
			);
			runOnlyForDeploymentPostprocessing = 0;
		};
/* End PBXFrameworksBuildPhase section */

/* Begin PBXGroup section */
		C9569EC123F582AB0074B266 /* 06. MANAGERS */ = {
			isa = PBXGroup;
			children = (
				C9569EC223F582E00074B266 /* NetworkManager.swift */,
			);
			path = "06. MANAGERS";
			sourceTree = "<group>";
		};
		C969161923F483A1008BFAD1 = {
			isa = PBXGroup;
			children = (
				C969162423F483A1008BFAD1 /* SwiftNews */,
				C969162323F483A1008BFAD1 /* Products */,
			);
			sourceTree = "<group>";
		};
		C969162323F483A1008BFAD1 /* Products */ = {
			isa = PBXGroup;
			children = (
				C969162223F483A1008BFAD1 /* SwiftNews.app */,
			);
			name = Products;
			sourceTree = "<group>";
		};
		C969162423F483A1008BFAD1 /* SwiftNews */ = {
			isa = PBXGroup;
			children = (
				C969163923F4843C008BFAD1 /* 01. SUPPORTING FILES */,
				C969163A23F4845B008BFAD1 /* 02. MODELS */,
				C969163B23F48468008BFAD1 /* 03. VIEWS */,
				C969163C23F48477008BFAD1 /* 04. CONTROLLERS */,
				C969163D23F48489008BFAD1 /* 05. RESOURCES */,
				C9569EC123F582AB0074B266 /* 06. MANAGERS */,
				C969163E23F48495008BFAD1 /* 07. UTILITIES */,
				C969163F23F484AF008BFAD1 /* 08. EXTENSIONS */,
			);
			path = SwiftNews;
			sourceTree = "<group>";
		};
		C969163923F4843C008BFAD1 /* 01. SUPPORTING FILES */ = {
			isa = PBXGroup;
			children = (
				C969163323F483A2008BFAD1 /* Info.plist */,
				C969162523F483A1008BFAD1 /* AppDelegate.swift */,
				C969162723F483A1008BFAD1 /* SceneDelegate.swift */,
			);
			path = "01. SUPPORTING FILES";
			sourceTree = "<group>";
		};
		C969163A23F4845B008BFAD1 /* 02. MODELS */ = {
			isa = PBXGroup;
			children = (
				C9569EC423F583680074B266 /* APIData.swift */,
			);
			path = "02. MODELS";
			sourceTree = "<group>";
		};
		C969163B23F48468008BFAD1 /* 03. VIEWS */ = {
			isa = PBXGroup;
			children = (
				C969163023F483A2008BFAD1 /* LaunchScreen.storyboard */,
				C969162B23F483A1008BFAD1 /* Main.storyboard */,
				C969164423F49B80008BFAD1 /* Cells */,
			);
			path = "03. VIEWS";
			sourceTree = "<group>";
		};
		C969163C23F48477008BFAD1 /* 04. CONTROLLERS */ = {
			isa = PBXGroup;
			children = (
				C969162923F483A1008BFAD1 /* ArticlesViewController.swift */,
				C969164023F49AA0008BFAD1 /* ArticleDetailsViewController.swift */,
			);
			path = "04. CONTROLLERS";
			sourceTree = "<group>";
		};
		C969163D23F48489008BFAD1 /* 05. RESOURCES */ = {
			isa = PBXGroup;
			children = (
				C969162E23F483A2008BFAD1 /* Assets.xcassets */,
			);
			path = "05. RESOURCES";
			sourceTree = "<group>";
		};
		C969163E23F48495008BFAD1 /* 07. UTILITIES */ = {
			isa = PBXGroup;
			children = (
				C969164223F49AD9008BFAD1 /* Constants.swift */,
				C9569EC823F584590074B266 /* AppError.swift */,
			);
			path = "07. UTILITIES";
			sourceTree = "<group>";
		};
		C969163F23F484AF008BFAD1 /* 08. EXTENSIONS */ = {
			isa = PBXGroup;
			children = (
			);
			path = "08. EXTENSIONS";
			sourceTree = "<group>";
		};
		C969164423F49B80008BFAD1 /* Cells */ = {
			isa = PBXGroup;
			children = (
				C969164523F49B9D008BFAD1 /* ArticleCollectionViewCell.swift */,
			);
			path = Cells;
			sourceTree = "<group>";
		};
/* End PBXGroup section */

/* Begin PBXNativeTarget section */
		C969162123F483A1008BFAD1 /* SwiftNews */ = {
			isa = PBXNativeTarget;
			buildConfigurationList = C969163623F483A2008BFAD1 /* Build configuration list for PBXNativeTarget "SwiftNews" */;
			buildPhases = (
				C969161E23F483A1008BFAD1 /* Sources */,
				C969161F23F483A1008BFAD1 /* Frameworks */,
				C969162023F483A1008BFAD1 /* Resources */,
			);
			buildRules = (
			);
			dependencies = (
			);
			name = SwiftNews;
			productName = SwiftNews;
			productReference = C969162223F483A1008BFAD1 /* SwiftNews.app */;
			productType = "com.apple.product-type.application";
		};
/* End PBXNativeTarget section */

/* Begin PBXProject section */
		C969161A23F483A1008BFAD1 /* Project object */ = {
			isa = PBXProject;
			attributes = {
				LastSwiftUpdateCheck = 1130;
				LastUpgradeCheck = 1130;
				ORGANIZATIONNAME = BEstelrich;
				TargetAttributes = {
					C969162123F483A1008BFAD1 = {
						CreatedOnToolsVersion = 11.3.1;
					};
				};
			};
			buildConfigurationList = C969161D23F483A1008BFAD1 /* Build configuration list for PBXProject "SwiftNews" */;
			compatibilityVersion = "Xcode 9.3";
			developmentRegion = en;
			hasScannedForEncodings = 0;
			knownRegions = (
				en,
				Base,
			);
			mainGroup = C969161923F483A1008BFAD1;
			productRefGroup = C969162323F483A1008BFAD1 /* Products */;
			projectDirPath = "";
			projectRoot = "";
			targets = (
				C969162123F483A1008BFAD1 /* SwiftNews */,
			);
		};
/* End PBXProject section */

/* Begin PBXResourcesBuildPhase section */
		C969162023F483A1008BFAD1 /* Resources */ = {
			isa = PBXResourcesBuildPhase;
			buildActionMask = 2147483647;
			files = (
				C969163223F483A2008BFAD1 /* LaunchScreen.storyboard in Resources */,
				C969162F23F483A2008BFAD1 /* Assets.xcassets in Resources */,
				C969162D23F483A1008BFAD1 /* Main.storyboard in Resources */,
			);
			runOnlyForDeploymentPostprocessing = 0;
		};
/* End PBXResourcesBuildPhase section */

/* Begin PBXSourcesBuildPhase section */
		C969161E23F483A1008BFAD1 /* Sources */ = {
			isa = PBXSourcesBuildPhase;
			buildActionMask = 2147483647;
			files = (
				C969164323F49AD9008BFAD1 /* Constants.swift in Sources */,
				C969162A23F483A1008BFAD1 /* ArticlesViewController.swift in Sources */,
				C969162623F483A1008BFAD1 /* AppDelegate.swift in Sources */,
				C9569EC923F584590074B266 /* AppError.swift in Sources */,
				C9569EC323F582E00074B266 /* NetworkManager.swift in Sources */,
				C9569EC523F583680074B266 /* APIData.swift in Sources */,
				C969164623F49B9D008BFAD1 /* ArticleCollectionViewCell.swift in Sources */,
				C969164123F49AA0008BFAD1 /* ArticleDetailsViewController.swift in Sources */,
				C969162823F483A1008BFAD1 /* SceneDelegate.swift in Sources */,
			);
			runOnlyForDeploymentPostprocessing = 0;
		};
/* End PBXSourcesBuildPhase section */

/* Begin PBXVariantGroup section */
		C969162B23F483A1008BFAD1 /* Main.storyboard */ = {
			isa = PBXVariantGroup;
			children = (
				C969162C23F483A1008BFAD1 /* Base */,
			);
			name = Main.storyboard;
			sourceTree = "<group>";
		};
		C969163023F483A2008BFAD1 /* LaunchScreen.storyboard */ = {
			isa = PBXVariantGroup;
			children = (
				C969163123F483A2008BFAD1 /* Base */,
			);
			name = LaunchScreen.storyboard;
			sourceTree = "<group>";
		};
/* End PBXVariantGroup section */

/* Begin XCBuildConfiguration section */
		C969163423F483A2008BFAD1 /* Debug */ = {
			isa = XCBuildConfiguration;
			buildSettings = {
				ALWAYS_SEARCH_USER_PATHS = NO;
				CLANG_ANALYZER_NONNULL = YES;
				CLANG_ANALYZER_NUMBER_OBJECT_CONVERSION = YES_AGGRESSIVE;
				CLANG_CXX_LANGUAGE_STANDARD = "gnu++14";
				CLANG_CXX_LIBRARY = "libc++";
				CLANG_ENABLE_MODULES = YES;
				CLANG_ENABLE_OBJC_ARC = YES;
				CLANG_ENABLE_OBJC_WEAK = YES;
				CLANG_WARN_BLOCK_CAPTURE_AUTORELEASING = YES;
				CLANG_WARN_BOOL_CONVERSION = YES;
				CLANG_WARN_COMMA = YES;
				CLANG_WARN_CONSTANT_CONVERSION = YES;
				CLANG_WARN_DEPRECATED_OBJC_IMPLEMENTATIONS = YES;
				CLANG_WARN_DIRECT_OBJC_ISA_USAGE = YES_ERROR;
				CLANG_WARN_DOCUMENTATION_COMMENTS = YES;
				CLANG_WARN_EMPTY_BODY = YES;
				CLANG_WARN_ENUM_CONVERSION = YES;
				CLANG_WARN_INFINITE_RECURSION = YES;
				CLANG_WARN_INT_CONVERSION = YES;
				CLANG_WARN_NON_LITERAL_NULL_CONVERSION = YES;
				CLANG_WARN_OBJC_IMPLICIT_RETAIN_SELF = YES;
				CLANG_WARN_OBJC_LITERAL_CONVERSION = YES;
				CLANG_WARN_OBJC_ROOT_CLASS = YES_ERROR;
				CLANG_WARN_RANGE_LOOP_ANALYSIS = YES;
				CLANG_WARN_STRICT_PROTOTYPES = YES;
				CLANG_WARN_SUSPICIOUS_MOVE = YES;
				CLANG_WARN_UNGUARDED_AVAILABILITY = YES_AGGRESSIVE;
				CLANG_WARN_UNREACHABLE_CODE = YES;
				CLANG_WARN__DUPLICATE_METHOD_MATCH = YES;
				COPY_PHASE_STRIP = NO;
				DEBUG_INFORMATION_FORMAT = dwarf;
				ENABLE_STRICT_OBJC_MSGSEND = YES;
				ENABLE_TESTABILITY = YES;
				GCC_C_LANGUAGE_STANDARD = gnu11;
				GCC_DYNAMIC_NO_PIC = NO;
				GCC_NO_COMMON_BLOCKS = YES;
				GCC_OPTIMIZATION_LEVEL = 0;
				GCC_PREPROCESSOR_DEFINITIONS = (
					"DEBUG=1",
					"$(inherited)",
				);
				GCC_WARN_64_TO_32_BIT_CONVERSION = YES;
				GCC_WARN_ABOUT_RETURN_TYPE = YES_ERROR;
				GCC_WARN_UNDECLARED_SELECTOR = YES;
				GCC_WARN_UNINITIALIZED_AUTOS = YES_AGGRESSIVE;
				GCC_WARN_UNUSED_FUNCTION = YES;
				GCC_WARN_UNUSED_VARIABLE = YES;
				IPHONEOS_DEPLOYMENT_TARGET = 12.0;
				MTL_ENABLE_DEBUG_INFO = INCLUDE_SOURCE;
				MTL_FAST_MATH = YES;
				ONLY_ACTIVE_ARCH = YES;
				SDKROOT = iphoneos;
				SWIFT_ACTIVE_COMPILATION_CONDITIONS = DEBUG;
				SWIFT_OPTIMIZATION_LEVEL = "-Onone";
			};
			name = Debug;
		};
		C969163523F483A2008BFAD1 /* Release */ = {
			isa = XCBuildConfiguration;
			buildSettings = {
				ALWAYS_SEARCH_USER_PATHS = NO;
				CLANG_ANALYZER_NONNULL = YES;
				CLANG_ANALYZER_NUMBER_OBJECT_CONVERSION = YES_AGGRESSIVE;
				CLANG_CXX_LANGUAGE_STANDARD = "gnu++14";
				CLANG_CXX_LIBRARY = "libc++";
				CLANG_ENABLE_MODULES = YES;
				CLANG_ENABLE_OBJC_ARC = YES;
				CLANG_ENABLE_OBJC_WEAK = YES;
				CLANG_WARN_BLOCK_CAPTURE_AUTORELEASING = YES;
				CLANG_WARN_BOOL_CONVERSION = YES;
				CLANG_WARN_COMMA = YES;
				CLANG_WARN_CONSTANT_CONVERSION = YES;
				CLANG_WARN_DEPRECATED_OBJC_IMPLEMENTATIONS = YES;
				CLANG_WARN_DIRECT_OBJC_ISA_USAGE = YES_ERROR;
				CLANG_WARN_DOCUMENTATION_COMMENTS = YES;
				CLANG_WARN_EMPTY_BODY = YES;
				CLANG_WARN_ENUM_CONVERSION = YES;
				CLANG_WARN_INFINITE_RECURSION = YES;
				CLANG_WARN_INT_CONVERSION = YES;
				CLANG_WARN_NON_LITERAL_NULL_CONVERSION = YES;
				CLANG_WARN_OBJC_IMPLICIT_RETAIN_SELF = YES;
				CLANG_WARN_OBJC_LITERAL_CONVERSION = YES;
				CLANG_WARN_OBJC_ROOT_CLASS = YES_ERROR;
				CLANG_WARN_RANGE_LOOP_ANALYSIS = YES;
				CLANG_WARN_STRICT_PROTOTYPES = YES;
				CLANG_WARN_SUSPICIOUS_MOVE = YES;
				CLANG_WARN_UNGUARDED_AVAILABILITY = YES_AGGRESSIVE;
				CLANG_WARN_UNREACHABLE_CODE = YES;
				CLANG_WARN__DUPLICATE_METHOD_MATCH = YES;
				COPY_PHASE_STRIP = NO;
				DEBUG_INFORMATION_FORMAT = "dwarf-with-dsym";
				ENABLE_NS_ASSERTIONS = NO;
				ENABLE_STRICT_OBJC_MSGSEND = YES;
				GCC_C_LANGUAGE_STANDARD = gnu11;
				GCC_NO_COMMON_BLOCKS = YES;
				GCC_WARN_64_TO_32_BIT_CONVERSION = YES;
				GCC_WARN_ABOUT_RETURN_TYPE = YES_ERROR;
				GCC_WARN_UNDECLARED_SELECTOR = YES;
				GCC_WARN_UNINITIALIZED_AUTOS = YES_AGGRESSIVE;
				GCC_WARN_UNUSED_FUNCTION = YES;
				GCC_WARN_UNUSED_VARIABLE = YES;
				IPHONEOS_DEPLOYMENT_TARGET = 12.0;
				MTL_ENABLE_DEBUG_INFO = NO;
				MTL_FAST_MATH = YES;
				SDKROOT = iphoneos;
				SWIFT_COMPILATION_MODE = wholemodule;
				SWIFT_OPTIMIZATION_LEVEL = "-O";
				VALIDATE_PRODUCT = YES;
			};
			name = Release;
		};
		C969163723F483A2008BFAD1 /* Debug */ = {
			isa = XCBuildConfiguration;
			buildSettings = {
				ASSETCATALOG_COMPILER_APPICON_NAME = AppIcon;
				CODE_SIGN_STYLE = Automatic;
				DEVELOPMENT_TEAM = W95FNEU9BX;
				INFOPLIST_FILE = "SwiftNews/01. SUPPORTING FILES/Info.plist";
				LD_RUNPATH_SEARCH_PATHS = (
					"$(inherited)",
					"@executable_path/Frameworks",
				);
				MARKETING_VERSION = 1.0.0;
				PRODUCT_BUNDLE_IDENTIFIER = com.BEstelrich.SwiftNews;
				PRODUCT_NAME = "$(TARGET_NAME)";
				SWIFT_VERSION = 5.0;
				TARGETED_DEVICE_FAMILY = "1,2";
			};
			name = Debug;
		};
		C969163823F483A2008BFAD1 /* Release */ = {
			isa = XCBuildConfiguration;
			buildSettings = {
				ASSETCATALOG_COMPILER_APPICON_NAME = AppIcon;
				CODE_SIGN_STYLE = Automatic;
				DEVELOPMENT_TEAM = W95FNEU9BX;
				INFOPLIST_FILE = "SwiftNews/01. SUPPORTING FILES/Info.plist";
				LD_RUNPATH_SEARCH_PATHS = (
					"$(inherited)",
					"@executable_path/Frameworks",
				);
				MARKETING_VERSION = 1.0.0;
				PRODUCT_BUNDLE_IDENTIFIER = com.BEstelrich.SwiftNews;
				PRODUCT_NAME = "$(TARGET_NAME)";
				SWIFT_VERSION = 5.0;
				TARGETED_DEVICE_FAMILY = "1,2";
			};
			name = Release;
		};
/* End XCBuildConfiguration section */

/* Begin XCConfigurationList section */
		C969161D23F483A1008BFAD1 /* Build configuration list for PBXProject "SwiftNews" */ = {
			isa = XCConfigurationList;
			buildConfigurations = (
				C969163423F483A2008BFAD1 /* Debug */,
				C969163523F483A2008BFAD1 /* Release */,
			);
			defaultConfigurationIsVisible = 0;
			defaultConfigurationName = Release;
		};
		C969163623F483A2008BFAD1 /* Build configuration list for PBXNativeTarget "SwiftNews" */ = {
			isa = XCConfigurationList;
			buildConfigurations = (
				C969163723F483A2008BFAD1 /* Debug */,
				C969163823F483A2008BFAD1 /* Release */,
			);
			defaultConfigurationIsVisible = 0;
			defaultConfigurationName = Release;
		};
/* End XCConfigurationList section */
	};
	rootObject = C969161A23F483A1008BFAD1 /* Project object */;
}
